
Microsoft Visual Studio Solution File, Format Version 11.00
# Visual Studio 2010
Project("{FAE04EC0-301F-11D3-BF4B-00C04F79EFBC}") = "Wolf.WareHouseManager.Model", "Wolf.WareHouseManager.Model\Wolf.WareHouseManager.Model.csproj", "{0D4229D6-1285-4803-9431-69C057241BB7}"
EndProject
Project("{FAE04EC0-301F-11D3-BF4B-00C04F79EFBC}") = "Wolf.WareHouseManager.IDAL", "Wolf.WareHouseManager.IDAL\Wolf.WareHouseManager.IDAL.csproj", "{BBB95B88-0D3F-4055-86ED-12F894FAE9DC}"
EndProject
Project("{2150E333-8FDC-42A3-9474-1A3956D46DE8}") = "EF", "EF", "{192EAE96-08D0-4908-A1CA-0AF2918C2E71}"
EndProject
Project("{FAE04EC0-301F-11D3-BF4B-00C04F79EFBC}") = "Wolf.WareHouseManager.EFDal", "Wolf.WareHouseManager.MssqlDal\Wolf.WareHouseManager.EFDal.csproj", "{6BDC4CB8-D9D2-401A-90EF-A91A566DDD64}"
EndProject
Global
	GlobalSection(SolutionConfigurationPlatforms) = preSolution
		Debug|Any CPU = Debug|Any CPU
		Release|Any CPU = Release|Any CPU
	EndGlobalSection
	GlobalSection(ProjectConfigurationPlatforms) = postSolution
		{0D4229D6-1285-4803-9431-69C057241BB7}.Debug|Any CPU.ActiveCfg = Debug|Any CPU
		{0D4229D6-1285-4803-9431-69C057241BB7}.Debug|Any CPU.Build.0 = Debug|Any CPU
		{0D4229D6-1285-4803-9431-69C057241BB7}.Release|Any CPU.ActiveCfg = Release|Any CPU
		{0D4229D6-1285-4803-9431-69C057241BB7}.Release|Any CPU.Build.0 = Release|Any CPU
		{BBB95B88-0D3F-4055-86ED-12F894FAE9DC}.Debug|Any CPU.ActiveCfg = Debug|Any CPU
		{BBB95B88-0D3F-4055-86ED-12F894FAE9DC}.Debug|Any CPU.Build.0 = Debug|Any CPU
		{BBB95B88-0D3F-4055-86ED-12F894FAE9DC}.Release|Any CPU.ActiveCfg = Release|Any CPU
		{BBB95B88-0D3F-4055-86ED-12F894FAE9DC}.Release|Any CPU.Build.0 = Release|Any CPU
		{6BDC4CB8-D9D2-401A-90EF-A91A566DDD64}.Debug|Any CPU.ActiveCfg = Debug|Any CPU
		{6BDC4CB8-D9D2-401A-90EF-A91A566DDD64}.Debug|Any CPU.Build.0 = Debug|Any CPU
		{6BDC4CB8-D9D2-401A-90EF-A91A566DDD64}.Release|Any CPU.ActiveCfg = Release|Any CPU
		{6BDC4CB8-D9D2-401A-90EF-A91A566DDD64}.Release|Any CPU.Build.0 = Release|Any CPU
	EndGlobalSection
	GlobalSection(SolutionProperties) = preSolution
		HideSolutionNode = FALSE
	EndGlobalSection
	GlobalSection(NestedProjects) = preSolution
		{6BDC4CB8-D9D2-401A-90EF-A91A566DDD64} = {192EAE96-08D0-4908-A1CA-0AF2918C2E71}
	EndGlobalSection
EndGlobal
